# THIS IS AN AUTOGENERATED FILE. DO NOT EDIT THIS FILE DIRECTLY.
# yarn lockfile v1


"@napi-rs/image-android-arm-eabi@1.6.1":
  version "1.6.1"
  resolved "https://registry.yarnpkg.com/@napi-rs/image-android-arm-eabi/-/image-android-arm-eabi-1.6.1.tgz#6d2bfe4623ef3facedbba8d4b86b7415c9926fe4"
  integrity sha512-06GgTsnTzd+LQbj1EVciU4kOP7dUL40y3+vZkMe5yYNNdL8F199tnDxGodL8UYjHKrz+shKdZxjzq3ppE12dNg==

"@napi-rs/image-android-arm64@1.6.1":
  version "1.6.1"
  resolved "https://registry.yarnpkg.com/@napi-rs/image-android-arm64/-/image-android-arm64-1.6.1.tgz#1b6bc36ce3bc8031ea5560c4913de04128850e79"
  integrity sha512-RjjupJNodv1beIHEIk6CPwzzQHexy9G1KT/xce3PDV+r2RwOaZ5uisAoZeUQMpJ7U9yM8qEqBYJ0ZJRxOL3IyA==

"@napi-rs/image-darwin-arm64@1.6.1":
  version "1.6.1"
  resolved "https://registry.yarnpkg.com/@napi-rs/image-darwin-arm64/-/image-darwin-arm64-1.6.1.tgz#57be51ec4938e206c75eca1b639bb90797a8bdda"
  integrity sha512-7SDYifSZPDa1TnDAxh641Qp8bB6XwLRMzboqlib9VVfW4B+xG8USTFX+pyc7AGA6Qt9YDx0fCTstGTdQZ4x0Vg==

"@napi-rs/image-darwin-x64@1.6.1":
  version "1.6.1"
  resolved "https://registry.yarnpkg.com/@napi-rs/image-darwin-x64/-/image-darwin-x64-1.6.1.tgz#fff95c980e2a8e43809f53152b8a104e95b6d6e6"
  integrity sha512-JESPPgW1IVKyMk/jzLmbbE/WcJ9GliUljWNpTaZftTISPibQ0kXLFWITTpvKKGXOi1wqHw2HNo+xPwaBViRYPQ==

"@napi-rs/image-freebsd-x64@1.6.1":
  version "1.6.1"
  resolved "https://registry.yarnpkg.com/@napi-rs/image-freebsd-x64/-/image-freebsd-x64-1.6.1.tgz#04410d41f56c69d3431bc5a2d28f086226755680"
  integrity sha512-uHe50MR6fHROzrOVv2lKowo0fnm51rZFQUgjBrb4U7sRof5MH6yXkiikd0zEVbqbK16JybCJhx8JMxg1fStOSw==

"@napi-rs/image-linux-arm-gnueabihf@1.6.1":
  version "1.6.1"
  resolved "https://registry.yarnpkg.com/@napi-rs/image-linux-arm-gnueabihf/-/image-linux-arm-gnueabihf-1.6.1.tgz#68af922c44fbcd53c289664c3d5b911dff14d180"
  integrity sha512-MioNufx/KaMg4ksisp2/5fwnKj+Le0jF9DKgdckVKd/OnHASTATYQN4akXXejMgcDdKyiInGtmcHK1N4Z29HKQ==

"@napi-rs/image-linux-arm64-gnu@1.6.1":
  version "1.6.1"
  resolved "https://registry.yarnpkg.com/@napi-rs/image-linux-arm64-gnu/-/image-linux-arm64-gnu-1.6.1.tgz#ffa6339fc869bb998147699add8ea4cb6038308b"
  integrity sha512-TIq7dgKs15r1JdBxJYKf6YVAydtsoOEdBvfWITd8zIN1VAM3J0B5/efCDf9TWOSeh5j6Do2HrgzUWa0SF8wakA==

"@napi-rs/image-linux-arm64-musl@1.6.1":
  version "1.6.1"
  resolved "https://registry.yarnpkg.com/@napi-rs/image-linux-arm64-musl/-/image-linux-arm64-musl-1.6.1.tgz#2209f9c0934058f8687fe470b8857d4c2a817006"
  integrity sha512-vSF6bNrWbKADS4lnapX7dwYwLCduG2HMhDzLx/q8a7eDVDfqXCvAhRTcvOeNkQRQ7vmzyYpu3qsjI36IK7Y60w==

"@napi-rs/image-linux-x64-gnu@1.6.1":
  version "1.6.1"
  resolved "https://registry.yarnpkg.com/@napi-rs/image-linux-x64-gnu/-/image-linux-x64-gnu-1.6.1.tgz#bd737a32cb2bbb1d9cd5f594326afd2c0947984a"
  integrity sha512-a0ChzvNRF4uwSGCnBuLDFTGrBHlaltEeRsd1kU4c7+d27qs7LFi89oDrVXItM/t+OVD4svPx4zyUQXtHHuVU7w==

"@napi-rs/image-linux-x64-musl@1.6.1":
  version "1.6.1"
  resolved "https://registry.yarnpkg.com/@napi-rs/image-linux-x64-musl/-/image-linux-x64-musl-1.6.1.tgz#c758cfdb5d346993b77132e64fc914de2155b652"
  integrity sha512-4mZ0pGP3tFidnKqVhbon48jX0+BddAE2ZiEtfXNypOx25pizVec1sSgHACKgFV9Yn0bVEGZozjxYeoERCUkdyA==

"@napi-rs/image-win32-ia32-msvc@1.6.1":
  version "1.6.1"
  resolved "https://registry.yarnpkg.com/@napi-rs/image-win32-ia32-msvc/-/image-win32-ia32-msvc-1.6.1.tgz#508e3a470754ec8af0f1071cd68abb9522b7e2bc"
  integrity sha512-0XNbGAv17xYfo2mrS8jSVpJN8nJrdqimr/1aUojPO9HdYIdKYBNWz1o5qulolaPJqa+T72yEevnuhkgmLxJLsA==

"@napi-rs/image-win32-x64-msvc@1.6.1":
  version "1.6.1"
  resolved "https://registry.yarnpkg.com/@napi-rs/image-win32-x64-msvc/-/image-win32-x64-msvc-1.6.1.tgz#36fa9c24a7f7d168c796bf17ba61dd8d1c160b9c"
  integrity sha512-hvQT+YID51JSxr9HbxmhKa8Y4jZh+4nxJZ33H0NhT/xFd6bGa4+EcIjMNqixKU8PmO9BYjEVH8FWHev6AEvp4A==

"@napi-rs/image@^1.6.1":
  version "1.6.1"
  resolved "https://registry.yarnpkg.com/@napi-rs/image/-/image-1.6.1.tgz#bdf502adcaa1f2444a63c0801ef835d86c638f60"
  integrity sha512-idrYU7POm9T7dcZVkWN8kpFYNIj0XaT20LtTzwWGZsR5Dhsce0hxwVGnKg2Kq/Z/AhHkR6MDagkOX5qTl5LjoQ==
  optionalDependencies:
    "@napi-rs/image-android-arm-eabi" "1.6.1"
    "@napi-rs/image-android-arm64" "1.6.1"
    "@napi-rs/image-darwin-arm64" "1.6.1"
    "@napi-rs/image-darwin-x64" "1.6.1"
    "@napi-rs/image-freebsd-x64" "1.6.1"
    "@napi-rs/image-linux-arm-gnueabihf" "1.6.1"
    "@napi-rs/image-linux-arm64-gnu" "1.6.1"
    "@napi-rs/image-linux-arm64-musl" "1.6.1"
    "@napi-rs/image-linux-x64-gnu" "1.6.1"
    "@napi-rs/image-linux-x64-musl" "1.6.1"
    "@napi-rs/image-win32-ia32-msvc" "1.6.1"
    "@napi-rs/image-win32-x64-msvc" "1.6.1"
